
Microsoft Visual Studio Solution File, Format Version 12.00
# Visual Studio Version 17
VisualStudioVersion = 17.14.36414.22 d17.14
MinimumVisualStudioVersion = 10.0.40219.1
Project("{54A90642-561A-4BB1-A94E-469ADEE60C69}") = "powertesttask.client", "powertesttask.client\powertesttask.client.esproj", "{7769A161-E493-054B-024E-31B4913ADF21}"
EndProject
Project("{FAE04EC0-301F-11D3-BF4B-00C04F79EFBC}") = "PowerTestTask.Server", "PowerTestTask.Server\PowerTestTask.Server.csproj", "{8006AB44-CDEA-4C4F-98FA-F716D2756B62}"
EndProject
Global
	GlobalSection(SolutionConfigurationPlatforms) = preSolution
		Debug|Any CPU = Debug|Any CPU
		Release|Any CPU = Release|Any CPU
	EndGlobalSection
	GlobalSection(ProjectConfigurationPlatforms) = postSolution
		{7769A161-E493-054B-024E-31B4913ADF21}.Debug|Any CPU.ActiveCfg = Debug|Any CPU
		{7769A161-E493-054B-024E-31B4913ADF21}.Debug|Any CPU.Build.0 = Debug|Any CPU
		{7769A161-E493-054B-024E-31B4913ADF21}.Debug|Any CPU.Deploy.0 = Debug|Any CPU
		{7769A161-E493-054B-024E-31B4913ADF21}.Release|Any CPU.ActiveCfg = Release|Any CPU
		{7769A161-E493-054B-024E-31B4913ADF21}.Release|Any CPU.Build.0 = Release|Any CPU
		{7769A161-E493-054B-024E-31B4913ADF21}.Release|Any CPU.Deploy.0 = Release|Any CPU
		{8006AB44-CDEA-4C4F-98FA-F716D2756B62}.Debug|Any CPU.ActiveCfg = Debug|Any CPU
		{8006AB44-CDEA-4C4F-98FA-F716D2756B62}.Debug|Any CPU.Build.0 = Debug|Any CPU
		{8006AB44-CDEA-4C4F-98FA-F716D2756B62}.Release|Any CPU.ActiveCfg = Release|Any CPU
		{8006AB44-CDEA-4C4F-98FA-F716D2756B62}.Release|Any CPU.Build.0 = Release|Any CPU
	EndGlobalSection
	GlobalSection(SolutionProperties) = preSolution
		HideSolutionNode = FALSE
	EndGlobalSection
	GlobalSection(ExtensibilityGlobals) = postSolution
		SolutionGuid = {A9A70978-5F7E-4A02-B39E-363A24158426}
	EndGlobalSection
EndGlobal
